# THIS IS AN AUTOGENERATED FILE. DO NOT EDIT THIS FILE DIRECTLY.
# yarn lockfile v1


crypto-random-string@^4.0.0:
  version "4.0.0"
  resolved "https://registry.yarnpkg.com/crypto-random-string/-/crypto-random-string-4.0.0.tgz#5a3cc53d7dd86183df5da0312816ceeeb5bb1fc2"
  integrity sha512-x8dy3RnvYdlUcPOjkEHqozhiwzKNSq7GcPuXFbnyMOCHxX8V3OgIg/pYuabl2sbUPfIJaeAQB7PMOK8DFIdoRA==
  dependencies:
    type-fest "^1.0.1"

type-fest@^1.0.1:
  version "1.1.0"
  resolved "https://registry.yarnpkg.com/type-fest/-/type-fest-1.1.0.tgz#e7eba55da6a46d5c23c05021de5f5af30d1d7978"
  integrity sha512-FOsvVPp1WTW495bqemynRS6f6Izea0hKSuDGCxkisBi6KIFaIc8r+ZCs20VT8bySbjh3J9kmnu2eHG4NoZArMw==
